
Microsoft Visual Studio Solution File, Format Version 12.00
# Visual Studio 15
VisualStudioVersion = 15.0.28010.2036
MinimumVisualStudioVersion = 10.0.40219.1
Project("{FAE04EC0-301F-11D3-BF4B-00C04F79EFBC}") = "ArmEventsApp", "ArmEventsApp\ArmEventsApp.csproj", "{0CC6BFB9-8BAE-42F1-A8F9-A4A7EB867B28}"
EndProject
Global
	GlobalSection(SolutionConfigurationPlatforms) = preSolution
		Debug|Any CPU = Debug|Any CPU
		Release|Any CPU = Release|Any CPU
	EndGlobalSection
	GlobalSection(ProjectConfigurationPlatforms) = postSolution
		{0CC6BFB9-8BAE-42F1-A8F9-A4A7EB867B28}.Debug|Any CPU.ActiveCfg = Debug|Any CPU
		{0CC6BFB9-8BAE-42F1-A8F9-A4A7EB867B28}.Debug|Any CPU.Build.0 = Debug|Any CPU
		{0CC6BFB9-8BAE-42F1-A8F9-A4A7EB867B28}.Release|Any CPU.ActiveCfg = Release|Any CPU
		{0CC6BFB9-8BAE-42F1-A8F9-A4A7EB867B28}.Release|Any CPU.Build.0 = Release|Any CPU
	EndGlobalSection
	GlobalSection(SolutionProperties) = preSolution
		HideSolutionNode = FALSE
	EndGlobalSection
	GlobalSection(ExtensibilityGlobals) = postSolution
		SolutionGuid = {C217BE94-ADDA-4C62-9DD4-4BF6E85416D8}
	EndGlobalSection
EndGlobal
